// !$*UTF8*$!
{
	archiveVersion = 1;
	classes = {
	};
	objectVersion = 77;
	objects = {

/* Begin PBXBuildFile section */
		78BFB40B2FE34B1C00203738 /* AppDelegate.swift in Sources */ = {isa = PBXBuildFile; fileRef = 78BFB40A2FE34B1C00203738 /* AppDelegate.swift */; };
		78BFB40F2FE34B1C00203738 /* Main.html in Resources */ = {isa = PBXBuildFile; fileRef = 78BFB40D2FE34B1C00203738 /* Main.html */; };
		78BFB4112FE34B1C00203738 /* Icon.png in Resources */ = {isa = PBXBuildFile; fileRef = 78BFB4102FE34B1C00203738 /* Icon.png */; };
		78BFB4132FE34B1C00203738 /* Style.css in Resources */ = {isa = PBXBuildFile; fileRef = 78BFB4122FE34B1C00203738 /* Style.css */; };
		78BFB4152FE34B1C00203738 /* Script.js in Resources */ = {isa = PBXBuildFile; fileRef = 78BFB4142FE34B1C00203738 /* Script.js */; };
		78BFB4172FE34B1C00203738 /* ViewController.swift in Sources */ = {isa = PBXBuildFile; fileRef = 78BFB4162FE34B1C00203738 /* ViewController.swift */; };
		78BFB41A2FE34B1C00203738 /* Main.storyboard in Resources */ = {isa = PBXBuildFile; fileRef = 78BFB4182FE34B1C00203738 /* Main.storyboard */; };
		78BFB41C2FE34B1C00203738 /* Assets.xcassets in Resources */ = {isa = PBXBuildFile; fileRef = 78BFB41B2FE34B1C00203738 /* Assets.xcassets */; };
		78BFB4232FE34B1C00203738 /* WishlistCart Extension.appex in Embed Foundation Extensions */ = {isa = PBXBuildFile; fileRef = 78BFB4222FE34B1C00203738 /* WishlistCart Extension.appex */; settings = {ATTRIBUTES = (RemoveHeadersOnCopy, ); }; };
		78BFB4282FE34B1C00203738 /* SafariWebExtensionHandler.swift in Sources */ = {isa = PBXBuildFile; fileRef = 78BFB4272FE34B1C00203738 /* SafariWebExtensionHandler.swift */; };
		78BFB43E2FE34B1C00203738 /* popup.js in Resources */ = {isa = PBXBuildFile; fileRef = 78BFB4342FE34B1C00203738 /* popup.js */; };
		78BFB43F2FE34B1C00203738 /* styles.css in Resources */ = {isa = PBXBuildFile; fileRef = 78BFB4352FE34B1C00203738 /* styles.css */; };
		78BFB4402FE34B1C00203738 /* background.js in Resources */ = {isa = PBXBuildFile; fileRef = 78BFB4362FE34B1C00203738 /* background.js */; };
		78BFB4412FE34B1C00203738 /* popup.html in Resources */ = {isa = PBXBuildFile; fileRef = 78BFB4372FE34B1C00203738 /* popup.html */; };
		78BFB4422FE34B1C00203738 /* gallery.js in Resources */ = {isa = PBXBuildFile; fileRef = 78BFB4382FE34B1C00203738 /* gallery.js */; };
		78BFB4432FE34B1C00203738 /* gallery.html in Resources */ = {isa = PBXBuildFile; fileRef = 78BFB4392FE34B1C00203738 /* gallery.html */; };
		78BFB4442FE34B1C00203738 /* dev-seed.js in Resources */ = {isa = PBXBuildFile; fileRef = 78BFB43A2FE34B1C00203738 /* dev-seed.js */; };
		78BFB4452FE34B1C00203738 /* icons in Resources */ = {isa = PBXBuildFile; fileRef = 78BFB43B2FE34B1C00203738 /* icons */; };
		78BFB4462FE34B1C00203738 /* manifest.json in Resources */ = {isa = PBXBuildFile; fileRef = 78BFB43C2FE34B1C00203738 /* manifest.json */; };
		78BFB4472FE34B1C00203738 /* src in Resources */ = {isa = PBXBuildFile; fileRef = 78BFB43D2FE34B1C00203738 /* src */; };
/* End PBXBuildFile section */

/* Begin PBXContainerItemProxy section */
		78BFB4242FE34B1C00203738 /* PBXContainerItemProxy */ = {
			isa = PBXContainerItemProxy;
			containerPortal = 78BFB3FF2FE34B1C00203738 /* Project object */;
			proxyType = 1;
			remoteGlobalIDString = 78BFB4212FE34B1C00203738;
			remoteInfo = "WishlistCart Extension";
		};
/* End PBXContainerItemProxy section */

/* Begin PBXCopyFilesBuildPhase section */
		78BFB42F2FE34B1C00203738 /* Embed Foundation Extensions */ = {
			isa = PBXCopyFilesBuildPhase;
			buildActionMask = 2147483647;
			dstPath = "";
			dstSubfolderSpec = 13;
			files = (
				78BFB4232FE34B1C00203738 /* WishlistCart Extension.appex in Embed Foundation Extensions */,
			);
			name = "Embed Foundation Extensions";
			runOnlyForDeploymentPostprocessing = 0;
		};
/* End PBXCopyFilesBuildPhase section */

/* Begin PBXFileReference section */
		78BFB4072FE34B1C00203738 /* WishlistCart.app */ = {isa = PBXFileReference; explicitFileType = wrapper.application; includeInIndex = 0; path = WishlistCart.app; sourceTree = BUILT_PRODUCTS_DIR; };
		78BFB40A2FE34B1C00203738 /* AppDelegate.swift */ = {isa = PBXFileReference; lastKnownFileType = sourcecode.swift; path = AppDelegate.swift; sourceTree = "<group>"; };
		78BFB40E2FE34B1C00203738 /* Base */ = {isa = PBXFileReference; lastKnownFileType = text.html; name = Base; path = Base.lproj/Main.html; sourceTree = "<group>"; };
		78BFB4102FE34B1C00203738 /* Icon.png */ = {isa = PBXFileReference; lastKnownFileType = image.png; path = Icon.png; sourceTree = "<group>"; };
		78BFB4122FE34B1C00203738 /* Style.css */ = {isa = PBXFileReference; lastKnownFileType = text.css; path = Style.css; sourceTree = "<group>"; };
		78BFB4142FE34B1C00203738 /* Script.js */ = {isa = PBXFileReference; lastKnownFileType = sourcecode.javascript; path = Script.js; sourceTree = "<group>"; };
		78BFB4162FE34B1C00203738 /* ViewController.swift */ = {isa = PBXFileReference; lastKnownFileType = sourcecode.swift; path = ViewController.swift; sourceTree = "<group>"; };
		78BFB4192FE34B1C00203738 /* Base */ = {isa = PBXFileReference; lastKnownFileType = file.storyboard; name = Base; path = Base.lproj/Main.storyboard; sourceTree = "<group>"; };
		78BFB41B2FE34B1C00203738 /* Assets.xcassets */ = {isa = PBXFileReference; lastKnownFileType = folder.assetcatalog; path = Assets.xcassets; sourceTree = "<group>"; };
		78BFB41D2FE34B1C00203738 /* Info.plist */ = {isa = PBXFileReference; lastKnownFileType = text.plist.xml; path = Info.plist; sourceTree = "<group>"; };
		78BFB4222FE34B1C00203738 /* WishlistCart Extension.appex */ = {isa = PBXFileReference; explicitFileType = "wrapper.app-extension"; includeInIndex = 0; path = "WishlistCart Extension.appex"; sourceTree = BUILT_PRODUCTS_DIR; };
		78BFB4272FE34B1C00203738 /* SafariWebExtensionHandler.swift */ = {isa = PBXFileReference; lastKnownFileType = sourcecode.swift; path = SafariWebExtensionHandler.swift; sourceTree = "<group>"; };
		78BFB4292FE34B1C00203738 /* Info.plist */ = {isa = PBXFileReference; lastKnownFileType = text.plist.xml; path = Info.plist; sourceTree = "<group>"; };
		78BFB4342FE34B1C00203738 /* popup.js */ = {isa = PBXFileReference; lastKnownFileType = sourcecode.javascript; name = popup.js; path = ../../../extension/popup.js; sourceTree = "<group>"; };
		78BFB4352FE34B1C00203738 /* styles.css */ = {isa = PBXFileReference; lastKnownFileType = text.css; name = styles.css; path = ../../../extension/styles.css; sourceTree = "<group>"; };
		78BFB4362FE34B1C00203738 /* background.js */ = {isa = PBXFileReference; lastKnownFileType = sourcecode.javascript; name = background.js; path = ../../../extension/background.js; sourceTree = "<group>"; };
		78BFB4372FE34B1C00203738 /* popup.html */ = {isa = PBXFileReference; lastKnownFileType = text.html; name = popup.html; path = ../../../extension/popup.html; sourceTree = "<group>"; };
		78BFB4382FE34B1C00203738 /* gallery.js */ = {isa = PBXFileReference; lastKnownFileType = sourcecode.javascript; name = gallery.js; path = ../../../extension/gallery.js; sourceTree = "<group>"; };
		78BFB4392FE34B1C00203738 /* gallery.html */ = {isa = PBXFileReference; lastKnownFileType = text.html; name = gallery.html; path = ../../../extension/gallery.html; sourceTree = "<group>"; };
		78BFB43A2FE34B1C00203738 /* dev-seed.js */ = {isa = PBXFileReference; lastKnownFileType = sourcecode.javascript; name = "dev-seed.js"; path = "../../../extension/dev-seed.js"; sourceTree = "<group>"; };
		78BFB43B2FE34B1C00203738 /* icons */ = {isa = PBXFileReference; lastKnownFileType = folder; name = icons; path = ../../../extension/icons; sourceTree = "<group>"; };
		78BFB43C2FE34B1C00203738 /* manifest.json */ = {isa = PBXFileReference; lastKnownFileType = text.json; name = manifest.json; path = ../../../extension/manifest.json; sourceTree = "<group>"; };
		78BFB43D2FE34B1C00203738 /* src */ = {isa = PBXFileReference; lastKnownFileType = folder; name = src; path = ../../../extension/src; sourceTree = "<group>"; };
/* End PBXFileReference section */

/* Begin PBXFrameworksBuildPhase section */
		78BFB4042FE34B1C00203738 /* Frameworks */ = {
			isa = PBXFrameworksBuildPhase;
			buildActionMask = 2147483647;
			files = (
			);
			runOnlyForDeploymentPostprocessing = 0;
		};
		78BFB41F2FE34B1C00203738 /* Frameworks */ = {
			isa = PBXFrameworksBuildPhase;
			buildActionMask = 2147483647;
			files = (
			);
			runOnlyForDeploymentPostprocessing = 0;
		};
/* End PBXFrameworksBuildPhase section */

/* Begin PBXGroup section */
		78BFB3FE2FE34B1C00203738 = {
			isa = PBXGroup;
			children = (
				78BFB4092FE34B1C00203738 /* WishlistCart */,
				78BFB4262FE34B1C00203738 /* WishlistCart Extension */,
				78BFB4082FE34B1C00203738 /* Products */,
			);
			sourceTree = "<group>";
		};
		78BFB4082FE34B1C00203738 /* Products */ = {
			isa = PBXGroup;
			children = (
				78BFB4072FE34B1C00203738 /* WishlistCart.app */,
				78BFB4222FE34B1C00203738 /* WishlistCart Extension.appex */,
			);
			name = Products;
			sourceTree = "<group>";
		};
		78BFB4092FE34B1C00203738 /* WishlistCart */ = {
			isa = PBXGroup;
			children = (
				78BFB40A2FE34B1C00203738 /* AppDelegate.swift */,
				78BFB4162FE34B1C00203738 /* ViewController.swift */,
				78BFB4182FE34B1C00203738 /* Main.storyboard */,
				78BFB41B2FE34B1C00203738 /* Assets.xcassets */,
				78BFB41D2FE34B1C00203738 /* Info.plist */,
				78BFB40C2FE34B1C00203738 /* Resources */,
			);
			path = WishlistCart;
			sourceTree = "<group>";
		};
		78BFB40C2FE34B1C00203738 /* Resources */ = {
			isa = PBXGroup;
			children = (
				78BFB40D2FE34B1C00203738 /* Main.html */,
				78BFB4102FE34B1C00203738 /* Icon.png */,
				78BFB4122FE34B1C00203738 /* Style.css */,
				78BFB4142FE34B1C00203738 /* Script.js */,
			);
			path = Resources;
			sourceTree = "<group>";
		};
		78BFB4262FE34B1C00203738 /* WishlistCart Extension */ = {
			isa = PBXGroup;
			children = (
				78BFB4332FE34B1C00203738 /* Resources */,
				78BFB4272FE34B1C00203738 /* SafariWebExtensionHandler.swift */,
				78BFB4292FE34B1C00203738 /* Info.plist */,
			);
			path = "WishlistCart Extension";
			sourceTree = "<group>";
		};
		78BFB4332FE34B1C00203738 /* Resources */ = {
			isa = PBXGroup;
			children = (
				78BFB4342FE34B1C00203738 /* popup.js */,
				78BFB4352FE34B1C00203738 /* styles.css */,
				78BFB4362FE34B1C00203738 /* background.js */,
				78BFB4372FE34B1C00203738 /* popup.html */,
				78BFB4382FE34B1C00203738 /* gallery.js */,
				78BFB4392FE34B1C00203738 /* gallery.html */,
				78BFB43A2FE34B1C00203738 /* dev-seed.js */,
				78BFB43B2FE34B1C00203738 /* icons */,
				78BFB43C2FE34B1C00203738 /* manifest.json */,
				78BFB43D2FE34B1C00203738 /* src */,
			);
			name = Resources;
			path = "WishlistCart Extension";
			sourceTree = SOURCE_ROOT;
		};
/* End PBXGroup section */

/* Begin PBXNativeTarget section */
		78BFB4062FE34B1C00203738 /* WishlistCart */ = {
			isa = PBXNativeTarget;
			buildConfigurationList = 78BFB4302FE34B1C00203738 /* Build configuration list for PBXNativeTarget "WishlistCart" */;
			buildPhases = (
				78BFB4032FE34B1C00203738 /* Sources */,
				78BFB4042FE34B1C00203738 /* Frameworks */,
				78BFB4052FE34B1C00203738 /* Resources */,
				78BFB42F2FE34B1C00203738 /* Embed Foundation Extensions */,
			);
			buildRules = (
			);
			dependencies = (
				78BFB4252FE34B1C00203738 /* PBXTargetDependency */,
			);
			name = WishlistCart;
			packageProductDependencies = (
			);
			productName = WishlistCart;
			productReference = 78BFB4072FE34B1C00203738 /* WishlistCart.app */;
			productType = "com.apple.product-type.application";
		};
		78BFB4212FE34B1C00203738 /* WishlistCart Extension */ = {
			isa = PBXNativeTarget;
			buildConfigurationList = 78BFB42C2FE34B1C00203738 /* Build configuration list for PBXNativeTarget "WishlistCart Extension" */;
			buildPhases = (
				78BFB41E2FE34B1C00203738 /* Sources */,
				78BFB41F2FE34B1C00203738 /* Frameworks */,
				78BFB4202FE34B1C00203738 /* Resources */,
			);
			buildRules = (
			);
			dependencies = (
			);
			name = "WishlistCart Extension";
			packageProductDependencies = (
			);
			productName = "WishlistCart Extension";
			productReference = 78BFB4222FE34B1C00203738 /* WishlistCart Extension.appex */;
			productType = "com.apple.product-type.app-extension";
		};
/* End PBXNativeTarget section */

/* Begin PBXProject section */
		78BFB3FF2FE34B1C00203738 /* Project object */ = {
			isa = PBXProject;
			attributes = {
				BuildIndependentTargetsInParallel = 1;
				LastSwiftUpdateCheck = 2650;
				LastUpgradeCheck = 2650;
				TargetAttributes = {
					78BFB4062FE34B1C00203738 = {
						CreatedOnToolsVersion = 26.5;
					};
					78BFB4212FE34B1C00203738 = {
						CreatedOnToolsVersion = 26.5;
					};
				};
			};
			buildConfigurationList = 78BFB4022FE34B1C00203738 /* Build configuration list for PBXProject "WishlistCart" */;
			developmentRegion = en;
			hasScannedForEncodings = 0;
			knownRegions = (
				en,
				Base,
			);
			mainGroup = 78BFB3FE2FE34B1C00203738;
			minimizedProjectReferenceProxies = 1;
			preferredProjectObjectVersion = 77;
			productRefGroup = 78BFB4082FE34B1C00203738 /* Products */;
			projectDirPath = "";
			projectRoot = "";
			targets = (
				78BFB4062FE34B1C00203738 /* WishlistCart */,
				78BFB4212FE34B1C00203738 /* WishlistCart Extension */,
			);
		};
/* End PBXProject section */

/* Begin PBXResourcesBuildPhase section */
		78BFB4052FE34B1C00203738 /* Resources */ = {
			isa = PBXResourcesBuildPhase;
			buildActionMask = 2147483647;
			files = (
				78BFB4112FE34B1C00203738 /* Icon.png in Resources */,
				78BFB41A2FE34B1C00203738 /* Main.storyboard in Resources */,
				78BFB4152FE34B1C00203738 /* Script.js in Resources */,
				78BFB40F2FE34B1C00203738 /* Main.html in Resources */,
				78BFB41C2FE34B1C00203738 /* Assets.xcassets in Resources */,
				78BFB4132FE34B1C00203738 /* Style.css in Resources */,
			);
			runOnlyForDeploymentPostprocessing = 0;
		};
		78BFB4202FE34B1C00203738 /* Resources */ = {
			isa = PBXResourcesBuildPhase;
			buildActionMask = 2147483647;
			files = (
				78BFB43E2FE34B1C00203738 /* popup.js in Resources */,
				78BFB4452FE34B1C00203738 /* icons in Resources */,
				78BFB4412FE34B1C00203738 /* popup.html in Resources */,
				78BFB4402FE34B1C00203738 /* background.js in Resources */,
				78BFB4462FE34B1C00203738 /* manifest.json in Resources */,
				78BFB4432FE34B1C00203738 /* gallery.html in Resources */,
				78BFB4422FE34B1C00203738 /* gallery.js in Resources */,
				78BFB43F2FE34B1C00203738 /* styles.css in Resources */,
				78BFB4442FE34B1C00203738 /* dev-seed.js in Resources */,
				78BFB4472FE34B1C00203738 /* src in Resources */,
			);
			runOnlyForDeploymentPostprocessing = 0;
		};
/* End PBXResourcesBuildPhase section */

/* Begin PBXSourcesBuildPhase section */
		78BFB4032FE34B1C00203738 /* Sources */ = {
			isa = PBXSourcesBuildPhase;
			buildActionMask = 2147483647;
			files = (
				78BFB4172FE34B1C00203738 /* ViewController.swift in Sources */,
				78BFB40B2FE34B1C00203738 /* AppDelegate.swift in Sources */,
			);
			runOnlyForDeploymentPostprocessing = 0;
		};
		78BFB41E2FE34B1C00203738 /* Sources */ = {
			isa = PBXSourcesBuildPhase;
			buildActionMask = 2147483647;
			files = (
				78BFB4282FE34B1C00203738 /* SafariWebExtensionHandler.swift in Sources */,
			);
			runOnlyForDeploymentPostprocessing = 0;
		};
/* End PBXSourcesBuildPhase section */

/* Begin PBXTargetDependency section */
		78BFB4252FE34B1C00203738 /* PBXTargetDependency */ = {
			isa = PBXTargetDependency;
			target = 78BFB4212FE34B1C00203738 /* WishlistCart Extension */;
			targetProxy = 78BFB4242FE34B1C00203738 /* PBXContainerItemProxy */;
		};
/* End PBXTargetDependency section */

/* Begin PBXVariantGroup section */
		78BFB40D2FE34B1C00203738 /* Main.html */ = {
			isa = PBXVariantGroup;
			children = (
				78BFB40E2FE34B1C00203738 /* Base */,
			);
			name = Main.html;
			sourceTree = "<group>";
		};
		78BFB4182FE34B1C00203738 /* Main.storyboard */ = {
			isa = PBXVariantGroup;
			children = (
				78BFB4192FE34B1C00203738 /* Base */,
			);
			name = Main.storyboard;
			sourceTree = "<group>";
		};
/* End PBXVariantGroup section */

/* Begin XCBuildConfiguration section */
		78BFB42A2FE34B1C00203738 /* Debug */ = {
			isa = XCBuildConfiguration;
			buildSettings = {
				ALWAYS_SEARCH_USER_PATHS = NO;
				ASSETCATALOG_COMPILER_GENERATE_SWIFT_ASSET_SYMBOL_EXTENSIONS = YES;
				CLANG_ANALYZER_NONNULL = YES;
				CLANG_ANALYZER_NUMBER_OBJECT_CONVERSION = YES_AGGRESSIVE;
				CLANG_CXX_LANGUAGE_STANDARD = "gnu++20";
				CLANG_ENABLE_MODULES = YES;
				CLANG_ENABLE_OBJC_ARC = YES;
				CLANG_ENABLE_OBJC_WEAK = YES;
				CLANG_WARN_BLOCK_CAPTURE_AUTORELEASING = YES;
				CLANG_WARN_BOOL_CONVERSION = YES;
				CLANG_WARN_COMMA = YES;
				CLANG_WARN_CONSTANT_CONVERSION = YES;
				CLANG_WARN_DEPRECATED_OBJC_IMPLEMENTATIONS = YES;
				CLANG_WARN_DIRECT_OBJC_ISA_USAGE = YES_ERROR;
				CLANG_WARN_DOCUMENTATION_COMMENTS = YES;
				CLANG_WARN_EMPTY_BODY = YES;
				CLANG_WARN_ENUM_CONVERSION = YES;
				CLANG_WARN_INFINITE_RECURSION = YES;
				CLANG_WARN_INT_CONVERSION = YES;
				CLANG_WARN_NON_LITERAL_NULL_CONVERSION = YES;
				CLANG_WARN_OBJC_IMPLICIT_RETAIN_SELF = YES;
				CLANG_WARN_OBJC_LITERAL_CONVERSION = YES;
				CLANG_WARN_OBJC_ROOT_CLASS = YES_ERROR;
				CLANG_WARN_QUOTED_INCLUDE_IN_FRAMEWORK_HEADER = YES;
				CLANG_WARN_RANGE_LOOP_ANALYSIS = YES;
				CLANG_WARN_STRICT_PROTOTYPES = YES;
				CLANG_WARN_SUSPICIOUS_MOVE = YES;
				CLANG_WARN_UNGUARDED_AVAILABILITY = YES_AGGRESSIVE;
				CLANG_WARN_UNREACHABLE_CODE = YES;
				CLANG_WARN__DUPLICATE_METHOD_MATCH = YES;
				COPY_PHASE_STRIP = NO;
				DEBUG_INFORMATION_FORMAT = dwarf;
				ENABLE_STRICT_OBJC_MSGSEND = YES;
				ENABLE_TESTABILITY = YES;
				ENABLE_USER_SCRIPT_SANDBOXING = YES;
				GCC_C_LANGUAGE_STANDARD = gnu17;
				GCC_DYNAMIC_NO_PIC = NO;
				GCC_NO_COMMON_BLOCKS = YES;
				GCC_OPTIMIZATION_LEVEL = 0;
				GCC_PREPROCESSOR_DEFINITIONS = (
					"DEBUG=1",
					"$(inherited)",
				);
				GCC_WARN_64_TO_32_BIT_CONVERSION = YES;
				GCC_WARN_ABOUT_RETURN_TYPE = YES_ERROR;
				GCC_WARN_UNDECLARED_SELECTOR = YES;
				GCC_WARN_UNINITIALIZED_AUTOS = YES_AGGRESSIVE;
				GCC_WARN_UNUSED_FUNCTION = YES;
				GCC_WARN_UNUSED_VARIABLE = YES;
				LOCALIZATION_PREFERS_STRING_CATALOGS = YES;
				MACOSX_DEPLOYMENT_TARGET = 26.5;
				MTL_ENABLE_DEBUG_INFO = INCLUDE_SOURCE;
				MTL_FAST_MATH = YES;
				ONLY_ACTIVE_ARCH = YES;
				SDKROOT = macosx;
				SWIFT_ACTIVE_COMPILATION_CONDITIONS = "DEBUG $(inherited)";
				SWIFT_OPTIMIZATION_LEVEL = "-Onone";
			};
			name = Debug;
		};
		78BFB42B2FE34B1C00203738 /* Release */ = {
			isa = XCBuildConfiguration;
			buildSettings = {
				ALWAYS_SEARCH_USER_PATHS = NO;
				ASSETCATALOG_COMPILER_GENERATE_SWIFT_ASSET_SYMBOL_EXTENSIONS = YES;
				CLANG_ANALYZER_NONNULL = YES;
				CLANG_ANALYZER_NUMBER_OBJECT_CONVERSION = YES_AGGRESSIVE;
				CLANG_CXX_LANGUAGE_STANDARD = "gnu++20";
				CLANG_ENABLE_MODULES = YES;
				CLANG_ENABLE_OBJC_ARC = YES;
				CLANG_ENABLE_OBJC_WEAK = YES;
				CLANG_WARN_BLOCK_CAPTURE_AUTORELEASING = YES;
				CLANG_WARN_BOOL_CONVERSION = YES;
				CLANG_WARN_COMMA = YES;
				CLANG_WARN_CONSTANT_CONVERSION = YES;
				CLANG_WARN_DEPRECATED_OBJC_IMPLEMENTATIONS = YES;
				CLANG_WARN_DIRECT_OBJC_ISA_USAGE = YES_ERROR;
				CLANG_WARN_DOCUMENTATION_COMMENTS = YES;
				CLANG_WARN_EMPTY_BODY = YES;
				CLANG_WARN_ENUM_CONVERSION = YES;
				CLANG_WARN_INFINITE_RECURSION = YES;
				CLANG_WARN_INT_CONVERSION = YES;
				CLANG_WARN_NON_LITERAL_NULL_CONVERSION = YES;
				CLANG_WARN_OBJC_IMPLICIT_RETAIN_SELF = YES;
				CLANG_WARN_OBJC_LITERAL_CONVERSION = YES;
				CLANG_WARN_OBJC_ROOT_CLASS = YES_ERROR;
				CLANG_WARN_QUOTED_INCLUDE_IN_FRAMEWORK_HEADER = YES;
				CLANG_WARN_RANGE_LOOP_ANALYSIS = YES;
				CLANG_WARN_STRICT_PROTOTYPES = YES;
				CLANG_WARN_SUSPICIOUS_MOVE = YES;
				CLANG_WARN_UNGUARDED_AVAILABILITY = YES_AGGRESSIVE;
				CLANG_WARN_UNREACHABLE_CODE = YES;
				CLANG_WARN__DUPLICATE_METHOD_MATCH = YES;
				COPY_PHASE_STRIP = NO;
				DEBUG_INFORMATION_FORMAT = "dwarf-with-dsym";
				ENABLE_NS_ASSERTIONS = NO;
				ENABLE_STRICT_OBJC_MSGSEND = YES;
				ENABLE_USER_SCRIPT_SANDBOXING = YES;
				GCC_C_LANGUAGE_STANDARD = gnu17;
				GCC_NO_COMMON_BLOCKS = YES;
				GCC_WARN_64_TO_32_BIT_CONVERSION = YES;
				GCC_WARN_ABOUT_RETURN_TYPE = YES_ERROR;
				GCC_WARN_UNDECLARED_SELECTOR = YES;
				GCC_WARN_UNINITIALIZED_AUTOS = YES_AGGRESSIVE;
				GCC_WARN_UNUSED_FUNCTION = YES;
				GCC_WARN_UNUSED_VARIABLE = YES;
				LOCALIZATION_PREFERS_STRING_CATALOGS = YES;
				MACOSX_DEPLOYMENT_TARGET = 26.5;
				MTL_ENABLE_DEBUG_INFO = NO;
				MTL_FAST_MATH = YES;
				SDKROOT = macosx;
				SWIFT_COMPILATION_MODE = wholemodule;
			};
			name = Release;
		};
		78BFB42D2FE34B1C00203738 /* Debug */ = {
			isa = XCBuildConfiguration;
			buildSettings = {
				CODE_SIGN_STYLE = Automatic;
				CURRENT_PROJECT_VERSION = 1;
				DEVELOPMENT_TEAM = 5QJES734R6;
				ENABLE_APP_SANDBOX = YES;
				ENABLE_HARDENED_RUNTIME = YES;
				ENABLE_USER_SELECTED_FILES = readonly;
				GENERATE_INFOPLIST_FILE = YES;
				INFOPLIST_FILE = "WishlistCart Extension/Info.plist";
				INFOPLIST_KEY_CFBundleDisplayName = "WishlistCart Extension";
				INFOPLIST_KEY_NSHumanReadableCopyright = "";
				LD_RUNPATH_SEARCH_PATHS = (
					"$(inherited)",
					"@executable_path/../Frameworks",
					"@executable_path/../../../../Frameworks",
				);
				MACOSX_DEPLOYMENT_TARGET = 10.14;
				MARKETING_VERSION = 1.0;
				OTHER_LDFLAGS = (
					"-framework",
					SafariServices,
				);
				PRODUCT_BUNDLE_IDENTIFIER = ai.2389.sophie.WishlistCart.Extension;
				PRODUCT_NAME = "$(TARGET_NAME)";
				SKIP_INSTALL = YES;
				STRING_CATALOG_GENERATE_SYMBOLS = YES;
				SWIFT_APPROACHABLE_CONCURRENCY = YES;
				SWIFT_EMIT_LOC_STRINGS = YES;
				SWIFT_UPCOMING_FEATURE_MEMBER_IMPORT_VISIBILITY = YES;
				SWIFT_VERSION = 5.0;
			};
			name = Debug;
		};
		78BFB42E2FE34B1C00203738 /* Release */ = {
			isa = XCBuildConfiguration;
			buildSettings = {
				CODE_SIGN_STYLE = Automatic;
				CURRENT_PROJECT_VERSION = 1;
				DEVELOPMENT_TEAM = 5QJES734R6;
				ENABLE_APP_SANDBOX = YES;
				ENABLE_HARDENED_RUNTIME = YES;
				ENABLE_USER_SELECTED_FILES = readonly;
				GENERATE_INFOPLIST_FILE = YES;
				INFOPLIST_FILE = "WishlistCart Extension/Info.plist";
				INFOPLIST_KEY_CFBundleDisplayName = "WishlistCart Extension";
				INFOPLIST_KEY_NSHumanReadableCopyright = "";
				LD_RUNPATH_SEARCH_PATHS = (
					"$(inherited)",
					"@executable_path/../Frameworks",
					"@executable_path/../../../../Frameworks",
				);
				MACOSX_DEPLOYMENT_TARGET = 10.14;
				MARKETING_VERSION = 1.0;
				OTHER_LDFLAGS = (
					"-framework",
					SafariServices,
				);
				PRODUCT_BUNDLE_IDENTIFIER = ai.2389.sophie.WishlistCart.Extension;
				PRODUCT_NAME = "$(TARGET_NAME)";
				SKIP_INSTALL = YES;
				STRING_CATALOG_GENERATE_SYMBOLS = YES;
				SWIFT_APPROACHABLE_CONCURRENCY = YES;
				SWIFT_EMIT_LOC_STRINGS = YES;
				SWIFT_UPCOMING_FEATURE_MEMBER_IMPORT_VISIBILITY = YES;
				SWIFT_VERSION = 5.0;
			};
			name = Release;
		};
		78BFB4312FE34B1C00203738 /* Debug */ = {
			isa = XCBuildConfiguration;
			buildSettings = {
				ASSETCATALOG_COMPILER_APPICON_NAME = AppIcon;
				ASSETCATALOG_COMPILER_GLOBAL_ACCENT_COLOR_NAME = AccentColor;
				CODE_SIGN_STYLE = Automatic;
				COMBINE_HIDPI_IMAGES = YES;
				CURRENT_PROJECT_VERSION = 1;
				DEVELOPMENT_TEAM = 5QJES734R6;
				ENABLE_APP_SANDBOX = YES;
				ENABLE_HARDENED_RUNTIME = YES;
				ENABLE_OUTGOING_NETWORK_CONNECTIONS = YES;
				ENABLE_USER_SELECTED_FILES = readonly;
				GENERATE_INFOPLIST_FILE = YES;
				INFOPLIST_FILE = WishlistCart/Info.plist;
				INFOPLIST_KEY_CFBundleDisplayName = WishlistCart;
				INFOPLIST_KEY_NSHumanReadableCopyright = "";
				INFOPLIST_KEY_NSMainStoryboardFile = Main;
				INFOPLIST_KEY_NSPrincipalClass = NSApplication;
				LD_RUNPATH_SEARCH_PATHS = (
					"$(inherited)",
					"@executable_path/../Frameworks",
				);
				MARKETING_VERSION = 1.0;
				OTHER_LDFLAGS = (
					"-framework",
					SafariServices,
					"-framework",
					WebKit,
				);
				PRODUCT_BUNDLE_IDENTIFIER = ai.2389.sophie.WishlistCart;
				PRODUCT_NAME = "$(TARGET_NAME)";
				REGISTER_APP_GROUPS = YES;
				STRING_CATALOG_GENERATE_SYMBOLS = YES;
				SWIFT_APPROACHABLE_CONCURRENCY = YES;
				SWIFT_DEFAULT_ACTOR_ISOLATION = MainActor;
				SWIFT_EMIT_LOC_STRINGS = YES;
				SWIFT_UPCOMING_FEATURE_MEMBER_IMPORT_VISIBILITY = YES;
				SWIFT_VERSION = 5.0;
			};
			name = Debug;
		};
		78BFB4322FE34B1C00203738 /* Release */ = {
			isa = XCBuildConfiguration;
			buildSettings = {
				ASSETCATALOG_COMPILER_APPICON_NAME = AppIcon;
				ASSETCATALOG_COMPILER_GLOBAL_ACCENT_COLOR_NAME = AccentColor;
				CODE_SIGN_STYLE = Automatic;
				COMBINE_HIDPI_IMAGES = YES;
				CURRENT_PROJECT_VERSION = 1;
				DEVELOPMENT_TEAM = 5QJES734R6;
				ENABLE_APP_SANDBOX = YES;
				ENABLE_HARDENED_RUNTIME = YES;
				ENABLE_OUTGOING_NETWORK_CONNECTIONS = YES;
				ENABLE_USER_SELECTED_FILES = readonly;
				GENERATE_INFOPLIST_FILE = YES;
				INFOPLIST_FILE = WishlistCart/Info.plist;
				INFOPLIST_KEY_CFBundleDisplayName = WishlistCart;
				INFOPLIST_KEY_NSHumanReadableCopyright = "";
				INFOPLIST_KEY_NSMainStoryboardFile = Main;
				INFOPLIST_KEY_NSPrincipalClass = NSApplication;
				LD_RUNPATH_SEARCH_PATHS = (
					"$(inherited)",
					"@executable_path/../Frameworks",
				);
				MARKETING_VERSION = 1.0;
				OTHER_LDFLAGS = (
					"-framework",
					SafariServices,
					"-framework",
					WebKit,
				);
				PRODUCT_BUNDLE_IDENTIFIER = ai.2389.sophie.WishlistCart;
				PRODUCT_NAME = "$(TARGET_NAME)";
				REGISTER_APP_GROUPS = YES;
				STRING_CATALOG_GENERATE_SYMBOLS = YES;
				SWIFT_APPROACHABLE_CONCURRENCY = YES;
				SWIFT_DEFAULT_ACTOR_ISOLATION = MainActor;
				SWIFT_EMIT_LOC_STRINGS = YES;
				SWIFT_UPCOMING_FEATURE_MEMBER_IMPORT_VISIBILITY = YES;
				SWIFT_VERSION = 5.0;
			};
			name = Release;
		};
/* End XCBuildConfiguration section */

/* Begin XCConfigurationList section */
		78BFB4022FE34B1C00203738 /* Build configuration list for PBXProject "WishlistCart" */ = {
			isa = XCConfigurationList;
			buildConfigurations = (
				78BFB42A2FE34B1C00203738 /* Debug */,
				78BFB42B2FE34B1C00203738 /* Release */,
			);
			defaultConfigurationIsVisible = 0;
			defaultConfigurationName = Release;
		};
		78BFB42C2FE34B1C00203738 /* Build configuration list for PBXNativeTarget "WishlistCart Extension" */ = {
			isa = XCConfigurationList;
			buildConfigurations = (
				78BFB42D2FE34B1C00203738 /* Debug */,
				78BFB42E2FE34B1C00203738 /* Release */,
			);
			defaultConfigurationIsVisible = 0;
			defaultConfigurationName = Release;
		};
		78BFB4302FE34B1C00203738 /* Build configuration list for PBXNativeTarget "WishlistCart" */ = {
			isa = XCConfigurationList;
			buildConfigurations = (
				78BFB4312FE34B1C00203738 /* Debug */,
				78BFB4322FE34B1C00203738 /* Release */,
			);
			defaultConfigurationIsVisible = 0;
			defaultConfigurationName = Release;
		};
/* End XCConfigurationList section */
	};
	rootObject = 78BFB3FF2FE34B1C00203738 /* Project object */;
}
